// !$*UTF8*$!
{
	archiveVersion = 1;
	classes = {
	};
	objectVersion = 50;
	objects = {

/* Begin PBXBuildFile section */
		BB114CB9291B445C0079EE12 /* largestRectangleArea.cpp in Sources */ = {isa = PBXBuildFile; fileRef = BB114CB7291B445C0079EE12 /* largestRectangleArea.cpp */; };
		BB114CBA291B445C0079EE12 /* largestRectangleArea.cpp in Sources */ = {isa = PBXBuildFile; fileRef = BB114CB7291B445C0079EE12 /* largestRectangleArea.cpp */; };
		BB114CBD291B50590079EE12 /* maximalRectangle.cpp in Sources */ = {isa = PBXBuildFile; fileRef = BB114CBB291B50590079EE12 /* maximalRectangle.cpp */; };
		BB114CBE291B50590079EE12 /* maximalRectangle.cpp in Sources */ = {isa = PBXBuildFile; fileRef = BB114CBB291B50590079EE12 /* maximalRectangle.cpp */; };
		BB3DE4DC2913951B00AD357F /* canJump.cpp in Sources */ = {isa = PBXBuildFile; fileRef = BB3DE4DA2913951B00AD357F /* canJump.cpp */; };
		BB3DE4DD2913996000AD357F /* canJump.cpp in Sources */ = {isa = PBXBuildFile; fileRef = BB3DE4DA2913951B00AD357F /* canJump.cpp */; };
		BB3DE4E029139ED600AD357F /* merge.cpp in Sources */ = {isa = PBXBuildFile; fileRef = BB3DE4DE29139ED600AD357F /* merge.cpp */; };
		BB3DE4E129139ED600AD357F /* merge.cpp in Sources */ = {isa = PBXBuildFile; fileRef = BB3DE4DE29139ED600AD357F /* merge.cpp */; };
		BB3DE4E42913A6F400AD357F /* uniquePaths.cpp in Sources */ = {isa = PBXBuildFile; fileRef = BB3DE4E22913A6F400AD357F /* uniquePaths.cpp */; };
		BB3DE4E52913A6F400AD357F /* uniquePaths.cpp in Sources */ = {isa = PBXBuildFile; fileRef = BB3DE4E22913A6F400AD357F /* uniquePaths.cpp */; };
		BB3DE4E82914ABF200AD357F /* minPathSum.cpp in Sources */ = {isa = PBXBuildFile; fileRef = BB3DE4E62914ABF200AD357F /* minPathSum.cpp */; };
		BB3DE4E92914ABF200AD357F /* minPathSum.cpp in Sources */ = {isa = PBXBuildFile; fileRef = BB3DE4E62914ABF200AD357F /* minPathSum.cpp */; };
		BB3DE4EC2914B75200AD357F /* climbStairs.cpp in Sources */ = {isa = PBXBuildFile; fileRef = BB3DE4EA2914B75200AD357F /* climbStairs.cpp */; };
		BB3DE4ED2914B75200AD357F /* climbStairs.cpp in Sources */ = {isa = PBXBuildFile; fileRef = BB3DE4EA2914B75200AD357F /* climbStairs.cpp */; };
		BB3DE4F02914C10F00AD357F /* minDistance.cpp in Sources */ = {isa = PBXBuildFile; fileRef = BB3DE4EE2914C10F00AD357F /* minDistance.cpp */; };
		BB3DE4F12914C10F00AD357F /* minDistance.cpp in Sources */ = {isa = PBXBuildFile; fileRef = BB3DE4EE2914C10F00AD357F /* minDistance.cpp */; };
		BB3DE4F4291504D700AD357F /* sortColors.cpp in Sources */ = {isa = PBXBuildFile; fileRef = BB3DE4F2291504D700AD357F /* sortColors.cpp */; };
		BB3DE4F5291504D700AD357F /* sortColors.cpp in Sources */ = {isa = PBXBuildFile; fileRef = BB3DE4F2291504D700AD357F /* sortColors.cpp */; };
		BB3DE4F82918E13D00AD357F /* minWindow.cpp in Sources */ = {isa = PBXBuildFile; fileRef = BB3DE4F62918E13C00AD357F /* minWindow.cpp */; };
		BB3DE4F92918E13D00AD357F /* minWindow.cpp in Sources */ = {isa = PBXBuildFile; fileRef = BB3DE4F62918E13C00AD357F /* minWindow.cpp */; };
		BB3DE4FC2919FE5500AD357F /* subsets.cpp in Sources */ = {isa = PBXBuildFile; fileRef = BB3DE4FA2919FE5500AD357F /* subsets.cpp */; };
		BB3DE4FD2919FE5500AD357F /* subsets.cpp in Sources */ = {isa = PBXBuildFile; fileRef = BB3DE4FA2919FE5500AD357F /* subsets.cpp */; };
		BB3DE500291A07ED00AD357F /* exist.cpp in Sources */ = {isa = PBXBuildFile; fileRef = BB3DE4FE291A07ED00AD357F /* exist.cpp */; };
		BB3DE501291A07ED00AD357F /* exist.cpp in Sources */ = {isa = PBXBuildFile; fileRef = BB3DE4FE291A07ED00AD357F /* exist.cpp */; };
		BB40FBD22422545F00CFFF8A /* main.m in Sources */ = {isa = PBXBuildFile; fileRef = BB40FBD12422545F00CFFF8A /* main.m */; };
		BB798CF3291C8616006AEDED /* inorderTraversal.cpp in Sources */ = {isa = PBXBuildFile; fileRef = BB798CF1291C8616006AEDED /* inorderTraversal.cpp */; };
		BB798CF4291C8616006AEDED /* inorderTraversal.cpp in Sources */ = {isa = PBXBuildFile; fileRef = BB798CF1291C8616006AEDED /* inorderTraversal.cpp */; };
		BB798CF7291C962F006AEDED /* numTrees.cpp in Sources */ = {isa = PBXBuildFile; fileRef = BB798CF5291C962F006AEDED /* numTrees.cpp */; };
		BB798CF8291C962F006AEDED /* numTrees.cpp in Sources */ = {isa = PBXBuildFile; fileRef = BB798CF5291C962F006AEDED /* numTrees.cpp */; };
		BB798CFB291C9E97006AEDED /* isValidBST.cpp in Sources */ = {isa = PBXBuildFile; fileRef = BB798CF9291C9E97006AEDED /* isValidBST.cpp */; };
		BB798CFC291C9E97006AEDED /* isValidBST.cpp in Sources */ = {isa = PBXBuildFile; fileRef = BB798CF9291C9E97006AEDED /* isValidBST.cpp */; };
		BB798CFF291E1579006AEDED /* isSymmetric.cpp in Sources */ = {isa = PBXBuildFile; fileRef = BB798CFD291E1579006AEDED /* isSymmetric.cpp */; };
		BB798D00291E1579006AEDED /* isSymmetric.cpp in Sources */ = {isa = PBXBuildFile; fileRef = BB798CFD291E1579006AEDED /* isSymmetric.cpp */; };
		BB798D13291F42D5006AEDED /* levelOrder.cpp in Sources */ = {isa = PBXBuildFile; fileRef = BB798D11291F42D5006AEDED /* levelOrder.cpp */; };
		BB798D16291F4310006AEDED /* TreeNode.cpp in Sources */ = {isa = PBXBuildFile; fileRef = BB798D14291F4310006AEDED /* TreeNode.cpp */; };
		BB9446942434CE120043DFCC /* 29.c in Sources */ = {isa = PBXBuildFile; fileRef = BB9446932434CE120043DFCC /* 29.c */; };
		BBAB9651291293A400797233 /* Tests.mm in Sources */ = {isa = PBXBuildFile; fileRef = BBAB9650291293A400797233 /* Tests.mm */; };
		BBAB9658291294F900797233 /* maxSubArray.cpp in Sources */ = {isa = PBXBuildFile; fileRef = BBAB9656291294F900797233 /* maxSubArray.cpp */; };
		BBAB9659291294F900797233 /* maxSubArray.cpp in Sources */ = {isa = PBXBuildFile; fileRef = BBAB9656291294F900797233 /* maxSubArray.cpp */; };
/* End PBXBuildFile section */

/* Begin PBXCopyFilesBuildPhase section */
		BB40FBCC2422545F00CFFF8A /* CopyFiles */ = {
			isa = PBXCopyFilesBuildPhase;
			buildActionMask = 2147483647;
			dstPath = /usr/share/man/man1/;
			dstSubfolderSpec = 0;
			files = (
			);
			runOnlyForDeploymentPostprocessing = 1;
		};
/* End PBXCopyFilesBuildPhase section */

/* Begin PBXFileReference section */
		BB114CB7291B445C0079EE12 /* largestRectangleArea.cpp */ = {isa = PBXFileReference; lastKnownFileType = sourcecode.cpp.cpp; path = largestRectangleArea.cpp; sourceTree = "<group>"; };
		BB114CB8291B445C0079EE12 /* largestRectangleArea.hpp */ = {isa = PBXFileReference; lastKnownFileType = sourcecode.cpp.h; path = largestRectangleArea.hpp; sourceTree = "<group>"; };
		BB114CBB291B50590079EE12 /* maximalRectangle.cpp */ = {isa = PBXFileReference; lastKnownFileType = sourcecode.cpp.cpp; path = maximalRectangle.cpp; sourceTree = "<group>"; };
		BB114CBC291B50590079EE12 /* maximalRectangle.hpp */ = {isa = PBXFileReference; lastKnownFileType = sourcecode.cpp.h; path = maximalRectangle.hpp; sourceTree = "<group>"; };
		BB3DE4DA2913951B00AD357F /* canJump.cpp */ = {isa = PBXFileReference; lastKnownFileType = sourcecode.cpp.cpp; path = canJump.cpp; sourceTree = "<group>"; };
		BB3DE4DB2913951B00AD357F /* canJump.hpp */ = {isa = PBXFileReference; lastKnownFileType = sourcecode.cpp.h; path = canJump.hpp; sourceTree = "<group>"; };
		BB3DE4DE29139ED600AD357F /* merge.cpp */ = {isa = PBXFileReference; lastKnownFileType = sourcecode.cpp.cpp; path = merge.cpp; sourceTree = "<group>"; };
		BB3DE4DF29139ED600AD357F /* merge.hpp */ = {isa = PBXFileReference; lastKnownFileType = sourcecode.cpp.h; path = merge.hpp; sourceTree = "<group>"; };
		BB3DE4E22913A6F400AD357F /* uniquePaths.cpp */ = {isa = PBXFileReference; lastKnownFileType = sourcecode.cpp.cpp; path = uniquePaths.cpp; sourceTree = "<group>"; };
		BB3DE4E32913A6F400AD357F /* uniquePaths.hpp */ = {isa = PBXFileReference; lastKnownFileType = sourcecode.cpp.h; path = uniquePaths.hpp; sourceTree = "<group>"; };
		BB3DE4E62914ABF200AD357F /* minPathSum.cpp */ = {isa = PBXFileReference; lastKnownFileType = sourcecode.cpp.cpp; path = minPathSum.cpp; sourceTree = "<group>"; };
		BB3DE4E72914ABF200AD357F /* minPathSum.hpp */ = {isa = PBXFileReference; lastKnownFileType = sourcecode.cpp.h; path = minPathSum.hpp; sourceTree = "<group>"; };
		BB3DE4EA2914B75200AD357F /* climbStairs.cpp */ = {isa = PBXFileReference; lastKnownFileType = sourcecode.cpp.cpp; path = climbStairs.cpp; sourceTree = "<group>"; };
		BB3DE4EB2914B75200AD357F /* climbStairs.hpp */ = {isa = PBXFileReference; lastKnownFileType = sourcecode.cpp.h; path = climbStairs.hpp; sourceTree = "<group>"; };
		BB3DE4EE2914C10F00AD357F /* minDistance.cpp */ = {isa = PBXFileReference; lastKnownFileType = sourcecode.cpp.cpp; path = minDistance.cpp; sourceTree = "<group>"; };
		BB3DE4EF2914C10F00AD357F /* minDistance.hpp */ = {isa = PBXFileReference; lastKnownFileType = sourcecode.cpp.h; path = minDistance.hpp; sourceTree = "<group>"; };
		BB3DE4F2291504D700AD357F /* sortColors.cpp */ = {isa = PBXFileReference; lastKnownFileType = sourcecode.cpp.cpp; path = sortColors.cpp; sourceTree = "<group>"; };
		BB3DE4F3291504D700AD357F /* sortColors.hpp */ = {isa = PBXFileReference; lastKnownFileType = sourcecode.cpp.h; path = sortColors.hpp; sourceTree = "<group>"; };
		BB3DE4F62918E13C00AD357F /* minWindow.cpp */ = {isa = PBXFileReference; lastKnownFileType = sourcecode.cpp.cpp; path = minWindow.cpp; sourceTree = "<group>"; };
		BB3DE4F72918E13D00AD357F /* minWindow.hpp */ = {isa = PBXFileReference; lastKnownFileType = sourcecode.cpp.h; path = minWindow.hpp; sourceTree = "<group>"; };
		BB3DE4FA2919FE5500AD357F /* subsets.cpp */ = {isa = PBXFileReference; lastKnownFileType = sourcecode.cpp.cpp; path = subsets.cpp; sourceTree = "<group>"; };
		BB3DE4FB2919FE5500AD357F /* subsets.hpp */ = {isa = PBXFileReference; lastKnownFileType = sourcecode.cpp.h; path = subsets.hpp; sourceTree = "<group>"; };
		BB3DE4FE291A07ED00AD357F /* exist.cpp */ = {isa = PBXFileReference; lastKnownFileType = sourcecode.cpp.cpp; path = exist.cpp; sourceTree = "<group>"; };
		BB3DE4FF291A07ED00AD357F /* exist.hpp */ = {isa = PBXFileReference; lastKnownFileType = sourcecode.cpp.h; path = exist.hpp; sourceTree = "<group>"; };
		BB40FBCE2422545F00CFFF8A /* leetcode */ = {isa = PBXFileReference; explicitFileType = "compiled.mach-o.executable"; includeInIndex = 0; path = leetcode; sourceTree = BUILT_PRODUCTS_DIR; };
		BB40FBD12422545F00CFFF8A /* main.m */ = {isa = PBXFileReference; lastKnownFileType = sourcecode.c.objc; path = main.m; sourceTree = "<group>"; };
		BB40FBD9242254B900CFFF8A /* 07.c */ = {isa = PBXFileReference; fileEncoding = 4; lastKnownFileType = sourcecode.c.c; path = 07.c; sourceTree = "<group>"; };
		BB40FBDC24225EE000CFFF8A /* 09.c */ = {isa = PBXFileReference; lastKnownFileType = sourcecode.c.c; path = 09.c; sourceTree = "<group>"; };
		BB40FC20242397C700CFFF8A /* 10-1.c */ = {isa = PBXFileReference; lastKnownFileType = sourcecode.c.c; path = "10-1.c"; sourceTree = "<group>"; };
		BB40FC222423A1D900CFFF8A /* 10-2.c */ = {isa = PBXFileReference; lastKnownFileType = sourcecode.c.c; path = "10-2.c"; sourceTree = "<group>"; };
		BB40FC242423A94400CFFF8A /* 11.c */ = {isa = PBXFileReference; lastKnownFileType = sourcecode.c.c; path = 11.c; sourceTree = "<group>"; };
		BB40FC262424E74500CFFF8A /* 12.c */ = {isa = PBXFileReference; lastKnownFileType = sourcecode.c.c; path = 12.c; sourceTree = "<group>"; };
		BB40FC2824263DAE00CFFF8A /* 13.c */ = {isa = PBXFileReference; lastKnownFileType = sourcecode.c.c; path = 13.c; sourceTree = "<group>"; };
		BB40FC2A242647EA00CFFF8A /* 14-1.c */ = {isa = PBXFileReference; lastKnownFileType = sourcecode.c.c; path = "14-1.c"; sourceTree = "<group>"; };
		BB798CF1291C8616006AEDED /* inorderTraversal.cpp */ = {isa = PBXFileReference; lastKnownFileType = sourcecode.cpp.cpp; path = inorderTraversal.cpp; sourceTree = "<group>"; };
		BB798CF2291C8616006AEDED /* inorderTraversal.hpp */ = {isa = PBXFileReference; lastKnownFileType = sourcecode.cpp.h; path = inorderTraversal.hpp; sourceTree = "<group>"; };
		BB798CF5291C962F006AEDED /* numTrees.cpp */ = {isa = PBXFileReference; lastKnownFileType = sourcecode.cpp.cpp; path = numTrees.cpp; sourceTree = "<group>"; };
		BB798CF6291C962F006AEDED /* numTrees.hpp */ = {isa = PBXFileReference; lastKnownFileType = sourcecode.cpp.h; path = numTrees.hpp; sourceTree = "<group>"; };
		BB798CF9291C9E97006AEDED /* isValidBST.cpp */ = {isa = PBXFileReference; lastKnownFileType = sourcecode.cpp.cpp; path = isValidBST.cpp; sourceTree = "<group>"; };
		BB798CFA291C9E97006AEDED /* isValidBST.hpp */ = {isa = PBXFileReference; lastKnownFileType = sourcecode.cpp.h; path = isValidBST.hpp; sourceTree = "<group>"; };
		BB798CFD291E1579006AEDED /* isSymmetric.cpp */ = {isa = PBXFileReference; lastKnownFileType = sourcecode.cpp.cpp; path = isSymmetric.cpp; sourceTree = "<group>"; };
		BB798CFE291E1579006AEDED /* isSymmetric.hpp */ = {isa = PBXFileReference; lastKnownFileType = sourcecode.cpp.h; path = isSymmetric.hpp; sourceTree = "<group>"; };
		BB798D11291F42D5006AEDED /* levelOrder.cpp */ = {isa = PBXFileReference; lastKnownFileType = sourcecode.cpp.cpp; path = levelOrder.cpp; sourceTree = "<group>"; };
		BB798D12291F42D5006AEDED /* levelOrder.hpp */ = {isa = PBXFileReference; lastKnownFileType = sourcecode.cpp.h; path = levelOrder.hpp; sourceTree = "<group>"; };
		BB798D14291F4310006AEDED /* TreeNode.cpp */ = {isa = PBXFileReference; lastKnownFileType = sourcecode.cpp.cpp; path = TreeNode.cpp; sourceTree = "<group>"; };
		BB798D15291F4310006AEDED /* TreeNode.hpp */ = {isa = PBXFileReference; lastKnownFileType = sourcecode.cpp.h; path = TreeNode.hpp; sourceTree = "<group>"; };
		BB9446742428EB710043DFCC /* 14-2.c */ = {isa = PBXFileReference; lastKnownFileType = sourcecode.c.c; path = "14-2.c"; sourceTree = "<group>"; };
		BB9446762428F4A70043DFCC /* 15.c */ = {isa = PBXFileReference; lastKnownFileType = sourcecode.c.c; path = 15.c; sourceTree = "<group>"; };
		BB9446782428FAAD0043DFCC /* 16.c */ = {isa = PBXFileReference; lastKnownFileType = sourcecode.c.c; path = 16.c; sourceTree = "<group>"; };
		BB94467A242A15F00043DFCC /* 17.c */ = {isa = PBXFileReference; lastKnownFileType = sourcecode.c.c; path = 17.c; sourceTree = "<group>"; };
		BB94467C242A1ABE0043DFCC /* 18.c */ = {isa = PBXFileReference; lastKnownFileType = sourcecode.c.c; path = 18.c; sourceTree = "<group>"; };
		BB94467E242A1C5A0043DFCC /* 19.c */ = {isa = PBXFileReference; lastKnownFileType = sourcecode.c.c; path = 19.c; sourceTree = "<group>"; };
		BB944680242A44680043DFCC /* 20.c */ = {isa = PBXFileReference; lastKnownFileType = sourcecode.c.c; path = 20.c; sourceTree = "<group>"; };
		BB944685242CDF6A0043DFCC /* 21.c */ = {isa = PBXFileReference; lastKnownFileType = sourcecode.c.c; path = 21.c; sourceTree = "<group>"; };
		BB944687242CE7DB0043DFCC /* 22.c */ = {isa = PBXFileReference; lastKnownFileType = sourcecode.c.c; path = 22.c; sourceTree = "<group>"; };
		BB944689242CEBBA0043DFCC /* 24.c */ = {isa = PBXFileReference; lastKnownFileType = sourcecode.c.c; path = 24.c; sourceTree = "<group>"; };
		BB94468B242CEE360043DFCC /* 25.c */ = {isa = PBXFileReference; lastKnownFileType = sourcecode.c.c; path = 25.c; sourceTree = "<group>"; };
		BB94468D2434C28A0043DFCC /* 26.c */ = {isa = PBXFileReference; lastKnownFileType = sourcecode.c.c; path = 26.c; sourceTree = "<group>"; };
		BB94468F2434C8CE0043DFCC /* 27.c */ = {isa = PBXFileReference; lastKnownFileType = sourcecode.c.c; path = 27.c; sourceTree = "<group>"; };
		BB9446912434CA250043DFCC /* 28.c */ = {isa = PBXFileReference; lastKnownFileType = sourcecode.c.c; path = 28.c; sourceTree = "<group>"; };
		BB9446932434CE120043DFCC /* 29.c */ = {isa = PBXFileReference; lastKnownFileType = sourcecode.c.c; path = 29.c; sourceTree = "<group>"; };
		BBAB964E291293A400797233 /* Tests.xctest */ = {isa = PBXFileReference; explicitFileType = wrapper.cfbundle; includeInIndex = 0; path = Tests.xctest; sourceTree = BUILT_PRODUCTS_DIR; };
		BBAB9650291293A400797233 /* Tests.mm */ = {isa = PBXFileReference; lastKnownFileType = sourcecode.cpp.objcpp; path = Tests.mm; sourceTree = "<group>"; };
		BBAB9656291294F900797233 /* maxSubArray.cpp */ = {isa = PBXFileReference; lastKnownFileType = sourcecode.cpp.cpp; path = maxSubArray.cpp; sourceTree = "<group>"; };
		BBAB9657291294F900797233 /* maxSubArray.hpp */ = {isa = PBXFileReference; lastKnownFileType = sourcecode.cpp.h; path = maxSubArray.hpp; sourceTree = "<group>"; };
/* End PBXFileReference section */

/* Begin PBXFrameworksBuildPhase section */
		BB40FBCB2422545F00CFFF8A /* Frameworks */ = {
			isa = PBXFrameworksBuildPhase;
			buildActionMask = 2147483647;
			files = (
			);
			runOnlyForDeploymentPostprocessing = 0;
		};
		BBAB964B291293A400797233 /* Frameworks */ = {
			isa = PBXFrameworksBuildPhase;
			buildActionMask = 2147483647;
			files = (
			);
			runOnlyForDeploymentPostprocessing = 0;
		};
/* End PBXFrameworksBuildPhase section */

/* Begin PBXGroup section */
		BB40FBC52422545F00CFFF8A = {
			isa = PBXGroup;
			children = (
				BB40FBD02422545F00CFFF8A /* leetcode */,
				BBAB964F291293A400797233 /* Tests */,
				BB40FBCF2422545F00CFFF8A /* Products */,
			);
			sourceTree = "<group>";
		};
		BB40FBCF2422545F00CFFF8A /* Products */ = {
			isa = PBXGroup;
			children = (
				BB40FBCE2422545F00CFFF8A /* leetcode */,
				BBAB964E291293A400797233 /* Tests.xctest */,
			);
			name = Products;
			sourceTree = "<group>";
		};
		BB40FBD02422545F00CFFF8A /* leetcode */ = {
			isa = PBXGroup;
			children = (
				BBAB9655291294C900797233 /* cpp */,
				BB40FBD12422545F00CFFF8A /* main.m */,
				BB40FBD8242254B900CFFF8A /* 1 */,
			);
			path = leetcode;
			sourceTree = "<group>";
		};
		BB40FBD8242254B900CFFF8A /* 1 */ = {
			isa = PBXGroup;
			children = (
				BB40FBD9242254B900CFFF8A /* 07.c */,
				BB40FBDC24225EE000CFFF8A /* 09.c */,
				BB40FC20242397C700CFFF8A /* 10-1.c */,
				BB40FC222423A1D900CFFF8A /* 10-2.c */,
				BB40FC242423A94400CFFF8A /* 11.c */,
				BB40FC262424E74500CFFF8A /* 12.c */,
				BB40FC2824263DAE00CFFF8A /* 13.c */,
				BB40FC2A242647EA00CFFF8A /* 14-1.c */,
				BB9446742428EB710043DFCC /* 14-2.c */,
				BB9446762428F4A70043DFCC /* 15.c */,
				BB9446782428FAAD0043DFCC /* 16.c */,
				BB94467A242A15F00043DFCC /* 17.c */,
				BB94467C242A1ABE0043DFCC /* 18.c */,
				BB94467E242A1C5A0043DFCC /* 19.c */,
				BB944680242A44680043DFCC /* 20.c */,
				BB944685242CDF6A0043DFCC /* 21.c */,
				BB944687242CE7DB0043DFCC /* 22.c */,
				BB944689242CEBBA0043DFCC /* 24.c */,
				BB94468B242CEE360043DFCC /* 25.c */,
				BB94468D2434C28A0043DFCC /* 26.c */,
				BB94468F2434C8CE0043DFCC /* 27.c */,
				BB9446912434CA250043DFCC /* 28.c */,
				BB9446932434CE120043DFCC /* 29.c */,
			);
			path = 1;
			sourceTree = "<group>";
		};
		BB798D17291F475C006AEDED /* Shared */ = {
			isa = PBXGroup;
			children = (
				BB798D14291F4310006AEDED /* TreeNode.cpp */,
				BB798D15291F4310006AEDED /* TreeNode.hpp */,
			);
			path = Shared;
			sourceTree = "<group>";
		};
		BBAB964F291293A400797233 /* Tests */ = {
			isa = PBXGroup;
			children = (
				BBAB9650291293A400797233 /* Tests.mm */,
			);
			path = Tests;
			sourceTree = "<group>";
		};
		BBAB9655291294C900797233 /* cpp */ = {
			isa = PBXGroup;
			children = (
				BB3DE4DA2913951B00AD357F /* canJump.cpp */,
				BB3DE4DB2913951B00AD357F /* canJump.hpp */,
				BB3DE4EA2914B75200AD357F /* climbStairs.cpp */,
				BB3DE4EB2914B75200AD357F /* climbStairs.hpp */,
				BB3DE4FE291A07ED00AD357F /* exist.cpp */,
				BB3DE4FF291A07ED00AD357F /* exist.hpp */,
				BB798CF1291C8616006AEDED /* inorderTraversal.cpp */,
				BB798CF2291C8616006AEDED /* inorderTraversal.hpp */,
				BB798CFD291E1579006AEDED /* isSymmetric.cpp */,
				BB798CFE291E1579006AEDED /* isSymmetric.hpp */,
				BB798CF9291C9E97006AEDED /* isValidBST.cpp */,
				BB798CFA291C9E97006AEDED /* isValidBST.hpp */,
				BB114CB7291B445C0079EE12 /* largestRectangleArea.cpp */,
				BB114CB8291B445C0079EE12 /* largestRectangleArea.hpp */,
				BB798D11291F42D5006AEDED /* levelOrder.cpp */,
				BB798D12291F42D5006AEDED /* levelOrder.hpp */,
				BB114CBB291B50590079EE12 /* maximalRectangle.cpp */,
				BB114CBC291B50590079EE12 /* maximalRectangle.hpp */,
				BBAB9656291294F900797233 /* maxSubArray.cpp */,
				BBAB9657291294F900797233 /* maxSubArray.hpp */,
				BB3DE4DE29139ED600AD357F /* merge.cpp */,
				BB3DE4DF29139ED600AD357F /* merge.hpp */,
				BB3DE4EE2914C10F00AD357F /* minDistance.cpp */,
				BB3DE4EF2914C10F00AD357F /* minDistance.hpp */,
				BB3DE4E62914ABF200AD357F /* minPathSum.cpp */,
				BB3DE4E72914ABF200AD357F /* minPathSum.hpp */,
				BB3DE4F62918E13C00AD357F /* minWindow.cpp */,
				BB3DE4F72918E13D00AD357F /* minWindow.hpp */,
				BB798CF5291C962F006AEDED /* numTrees.cpp */,
				BB798CF6291C962F006AEDED /* numTrees.hpp */,
				BB798D17291F475C006AEDED /* Shared */,
				BB3DE4F2291504D700AD357F /* sortColors.cpp */,
				BB3DE4F3291504D700AD357F /* sortColors.hpp */,
				BB3DE4FA2919FE5500AD357F /* subsets.cpp */,
				BB3DE4FB2919FE5500AD357F /* subsets.hpp */,
				BB3DE4E22913A6F400AD357F /* uniquePaths.cpp */,
				BB3DE4E32913A6F400AD357F /* uniquePaths.hpp */,
			);
			path = cpp;
			sourceTree = "<group>";
		};
/* End PBXGroup section */

/* Begin PBXNativeTarget section */
		BB40FBCD2422545F00CFFF8A /* leetcode */ = {
			isa = PBXNativeTarget;
			buildConfigurationList = BB40FBD52422545F00CFFF8A /* Build configuration list for PBXNativeTarget "leetcode" */;
			buildPhases = (
				BB40FBCA2422545F00CFFF8A /* Sources */,
				BB40FBCB2422545F00CFFF8A /* Frameworks */,
				BB40FBCC2422545F00CFFF8A /* CopyFiles */,
			);
			buildRules = (
			);
			dependencies = (
			);
			name = leetcode;
			productName = leetcode;
			productReference = BB40FBCE2422545F00CFFF8A /* leetcode */;
			productType = "com.apple.product-type.tool";
		};
		BBAB964D291293A400797233 /* Tests */ = {
			isa = PBXNativeTarget;
			buildConfigurationList = BBAB9654291293A400797233 /* Build configuration list for PBXNativeTarget "Tests" */;
			buildPhases = (
				BBAB964A291293A400797233 /* Sources */,
				BBAB964B291293A400797233 /* Frameworks */,
				BBAB964C291293A400797233 /* Resources */,
			);
			buildRules = (
			);
			dependencies = (
			);
			name = Tests;
			productName = Tests;
			productReference = BBAB964E291293A400797233 /* Tests.xctest */;
			productType = "com.apple.product-type.bundle.unit-test";
		};
/* End PBXNativeTarget section */

/* Begin PBXProject section */
		BB40FBC62422545F00CFFF8A /* Project object */ = {
			isa = PBXProject;
			attributes = {
				LastUpgradeCheck = 1120;
				ORGANIZATIONNAME = gaimanjing;
				TargetAttributes = {
					BB40FBCD2422545F00CFFF8A = {
						CreatedOnToolsVersion = 11.2.1;
					};
					BBAB964D291293A400797233 = {
						CreatedOnToolsVersion = 14.0.1;
					};
				};
			};
			buildConfigurationList = BB40FBC92422545F00CFFF8A /* Build configuration list for PBXProject "leetcode" */;
			compatibilityVersion = "Xcode 9.3";
			developmentRegion = en;
			hasScannedForEncodings = 0;
			knownRegions = (
				en,
				Base,
			);
			mainGroup = BB40FBC52422545F00CFFF8A;
			productRefGroup = BB40FBCF2422545F00CFFF8A /* Products */;
			projectDirPath = "";
			projectRoot = "";
			targets = (
				BB40FBCD2422545F00CFFF8A /* leetcode */,
				BBAB964D291293A400797233 /* Tests */,
			);
		};
/* End PBXProject section */

/* Begin PBXResourcesBuildPhase section */
		BBAB964C291293A400797233 /* Resources */ = {
			isa = PBXResourcesBuildPhase;
			buildActionMask = 2147483647;
			files = (
			);
			runOnlyForDeploymentPostprocessing = 0;
		};
/* End PBXResourcesBuildPhase section */

/* Begin PBXSourcesBuildPhase section */
		BB40FBCA2422545F00CFFF8A /* Sources */ = {
			isa = PBXSourcesBuildPhase;
			buildActionMask = 2147483647;
			files = (
				BB798CF7291C962F006AEDED /* numTrees.cpp in Sources */,
				BB798CFF291E1579006AEDED /* isSymmetric.cpp in Sources */,
				BB3DE4E029139ED600AD357F /* merge.cpp in Sources */,
				BB3DE4F82918E13D00AD357F /* minWindow.cpp in Sources */,
				BB3DE4E42913A6F400AD357F /* uniquePaths.cpp in Sources */,
				BBAB9658291294F900797233 /* maxSubArray.cpp in Sources */,
				BB9446942434CE120043DFCC /* 29.c in Sources */,
				BB3DE4FC2919FE5500AD357F /* subsets.cpp in Sources */,
				BB3DE4E82914ABF200AD357F /* minPathSum.cpp in Sources */,
				BB3DE4EC2914B75200AD357F /* climbStairs.cpp in Sources */,
				BB3DE4F02914C10F00AD357F /* minDistance.cpp in Sources */,
				BB3DE4DC2913951B00AD357F /* canJump.cpp in Sources */,
				BB40FBD22422545F00CFFF8A /* main.m in Sources */,
				BB798CFB291C9E97006AEDED /* isValidBST.cpp in Sources */,
				BB114CBD291B50590079EE12 /* maximalRectangle.cpp in Sources */,
				BB798D13291F42D5006AEDED /* levelOrder.cpp in Sources */,
				BB798CF3291C8616006AEDED /* inorderTraversal.cpp in Sources */,
				BB3DE4F4291504D700AD357F /* sortColors.cpp in Sources */,
				BB3DE500291A07ED00AD357F /* exist.cpp in Sources */,
				BB798D16291F4310006AEDED /* TreeNode.cpp in Sources */,
				BB114CB9291B445C0079EE12 /* largestRectangleArea.cpp in Sources */,
			);
			runOnlyForDeploymentPostprocessing = 0;
		};
		BBAB964A291293A400797233 /* Sources */ = {
			isa = PBXSourcesBuildPhase;
			buildActionMask = 2147483647;
			files = (
				BB798CF8291C962F006AEDED /* numTrees.cpp in Sources */,
				BB3DE4F5291504D700AD357F /* sortColors.cpp in Sources */,
				BB114CBE291B50590079EE12 /* maximalRectangle.cpp in Sources */,
				BBAB9651291293A400797233 /* Tests.mm in Sources */,
				BB3DE4E52913A6F400AD357F /* uniquePaths.cpp in Sources */,
				BB3DE4FD2919FE5500AD357F /* subsets.cpp in Sources */,
				BB3DE4ED2914B75200AD357F /* climbStairs.cpp in Sources */,
				BB3DE4F92918E13D00AD357F /* minWindow.cpp in Sources */,
				BBAB9659291294F900797233 /* maxSubArray.cpp in Sources */,
				BB3DE501291A07ED00AD357F /* exist.cpp in Sources */,
				BB114CBA291B445C0079EE12 /* largestRectangleArea.cpp in Sources */,
				BB798CF4291C8616006AEDED /* inorderTraversal.cpp in Sources */,
				BB3DE4E129139ED600AD357F /* merge.cpp in Sources */,
				BB3DE4DD2913996000AD357F /* canJump.cpp in Sources */,
				BB3DE4E92914ABF200AD357F /* minPathSum.cpp in Sources */,
				BB3DE4F12914C10F00AD357F /* minDistance.cpp in Sources */,
				BB798CFC291C9E97006AEDED /* isValidBST.cpp in Sources */,
				BB798D00291E1579006AEDED /* isSymmetric.cpp in Sources */,
			);
			runOnlyForDeploymentPostprocessing = 0;
		};
/* End PBXSourcesBuildPhase section */

/* Begin XCBuildConfiguration section */
		BB40FBD32422545F00CFFF8A /* Debug */ = {
			isa = XCBuildConfiguration;
			buildSettings = {
				ALWAYS_SEARCH_USER_PATHS = NO;
				CLANG_ANALYZER_NONNULL = YES;
				CLANG_ANALYZER_NUMBER_OBJECT_CONVERSION = YES_AGGRESSIVE;
				CLANG_CXX_LANGUAGE_STANDARD = "gnu++14";
				CLANG_CXX_LIBRARY = "libc++";
				CLANG_ENABLE_MODULES = YES;
				CLANG_ENABLE_OBJC_ARC = YES;
				CLANG_ENABLE_OBJC_WEAK = YES;
				CLANG_WARN_BLOCK_CAPTURE_AUTORELEASING = YES;
				CLANG_WARN_BOOL_CONVERSION = YES;
				CLANG_WARN_COMMA = YES;
				CLANG_WARN_CONSTANT_CONVERSION = YES;
				CLANG_WARN_DEPRECATED_OBJC_IMPLEMENTATIONS = YES;
				CLANG_WARN_DIRECT_OBJC_ISA_USAGE = YES_ERROR;
				CLANG_WARN_DOCUMENTATION_COMMENTS = YES;
				CLANG_WARN_EMPTY_BODY = YES;
				CLANG_WARN_ENUM_CONVERSION = YES;
				CLANG_WARN_INFINITE_RECURSION = YES;
				CLANG_WARN_INT_CONVERSION = YES;
				CLANG_WARN_NON_LITERAL_NULL_CONVERSION = YES;
				CLANG_WARN_OBJC_IMPLICIT_RETAIN_SELF = YES;
				CLANG_WARN_OBJC_LITERAL_CONVERSION = YES;
				CLANG_WARN_OBJC_ROOT_CLASS = YES_ERROR;
				CLANG_WARN_RANGE_LOOP_ANALYSIS = YES;
				CLANG_WARN_STRICT_PROTOTYPES = YES;
				CLANG_WARN_SUSPICIOUS_MOVE = YES;
				CLANG_WARN_UNGUARDED_AVAILABILITY = YES_AGGRESSIVE;
				CLANG_WARN_UNREACHABLE_CODE = YES;
				CLANG_WARN__DUPLICATE_METHOD_MATCH = YES;
				COPY_PHASE_STRIP = NO;
				DEBUG_INFORMATION_FORMAT = dwarf;
				ENABLE_STRICT_OBJC_MSGSEND = YES;
				ENABLE_TESTABILITY = YES;
				GCC_C_LANGUAGE_STANDARD = gnu11;
				GCC_DYNAMIC_NO_PIC = NO;
				GCC_NO_COMMON_BLOCKS = YES;
				GCC_OPTIMIZATION_LEVEL = 0;
				GCC_PREPROCESSOR_DEFINITIONS = (
					"DEBUG=1",
					"$(inherited)",
				);
				GCC_WARN_64_TO_32_BIT_CONVERSION = YES;
				GCC_WARN_ABOUT_RETURN_TYPE = YES_ERROR;
				GCC_WARN_UNDECLARED_SELECTOR = YES;
				GCC_WARN_UNINITIALIZED_AUTOS = YES_AGGRESSIVE;
				GCC_WARN_UNUSED_FUNCTION = YES;
				GCC_WARN_UNUSED_VARIABLE = YES;
				MACOSX_DEPLOYMENT_TARGET = 10.15;
				MTL_ENABLE_DEBUG_INFO = INCLUDE_SOURCE;
				MTL_FAST_MATH = YES;
				ONLY_ACTIVE_ARCH = YES;
				SDKROOT = macosx;
			};
			name = Debug;
		};
		BB40FBD42422545F00CFFF8A /* Release */ = {
			isa = XCBuildConfiguration;
			buildSettings = {
				ALWAYS_SEARCH_USER_PATHS = NO;
				CLANG_ANALYZER_NONNULL = YES;
				CLANG_ANALYZER_NUMBER_OBJECT_CONVERSION = YES_AGGRESSIVE;
				CLANG_CXX_LANGUAGE_STANDARD = "gnu++14";
				CLANG_CXX_LIBRARY = "libc++";
				CLANG_ENABLE_MODULES = YES;
				CLANG_ENABLE_OBJC_ARC = YES;
				CLANG_ENABLE_OBJC_WEAK = YES;
				CLANG_WARN_BLOCK_CAPTURE_AUTORELEASING = YES;
				CLANG_WARN_BOOL_CONVERSION = YES;
				CLANG_WARN_COMMA = YES;
				CLANG_WARN_CONSTANT_CONVERSION = YES;
				CLANG_WARN_DEPRECATED_OBJC_IMPLEMENTATIONS = YES;
				CLANG_WARN_DIRECT_OBJC_ISA_USAGE = YES_ERROR;
				CLANG_WARN_DOCUMENTATION_COMMENTS = YES;
				CLANG_WARN_EMPTY_BODY = YES;
				CLANG_WARN_ENUM_CONVERSION = YES;
				CLANG_WARN_INFINITE_RECURSION = YES;
				CLANG_WARN_INT_CONVERSION = YES;
				CLANG_WARN_NON_LITERAL_NULL_CONVERSION = YES;
				CLANG_WARN_OBJC_IMPLICIT_RETAIN_SELF = YES;
				CLANG_WARN_OBJC_LITERAL_CONVERSION = YES;
				CLANG_WARN_OBJC_ROOT_CLASS = YES_ERROR;
				CLANG_WARN_RANGE_LOOP_ANALYSIS = YES;
				CLANG_WARN_STRICT_PROTOTYPES = YES;
				CLANG_WARN_SUSPICIOUS_MOVE = YES;
				CLANG_WARN_UNGUARDED_AVAILABILITY = YES_AGGRESSIVE;
				CLANG_WARN_UNREACHABLE_CODE = YES;
				CLANG_WARN__DUPLICATE_METHOD_MATCH = YES;
				COPY_PHASE_STRIP = NO;
				DEBUG_INFORMATION_FORMAT = "dwarf-with-dsym";
				ENABLE_NS_ASSERTIONS = NO;
				ENABLE_STRICT_OBJC_MSGSEND = YES;
				GCC_C_LANGUAGE_STANDARD = gnu11;
				GCC_NO_COMMON_BLOCKS = YES;
				GCC_WARN_64_TO_32_BIT_CONVERSION = YES;
				GCC_WARN_ABOUT_RETURN_TYPE = YES_ERROR;
				GCC_WARN_UNDECLARED_SELECTOR = YES;
				GCC_WARN_UNINITIALIZED_AUTOS = YES_AGGRESSIVE;
				GCC_WARN_UNUSED_FUNCTION = YES;
				GCC_WARN_UNUSED_VARIABLE = YES;
				MACOSX_DEPLOYMENT_TARGET = 10.15;
				MTL_ENABLE_DEBUG_INFO = NO;
				MTL_FAST_MATH = YES;
				SDKROOT = macosx;
			};
			name = Release;
		};
		BB40FBD62422545F00CFFF8A /* Debug */ = {
			isa = XCBuildConfiguration;
			buildSettings = {
				CODE_SIGN_STYLE = Automatic;
				PRODUCT_NAME = "$(TARGET_NAME)";
			};
			name = Debug;
		};
		BB40FBD72422545F00CFFF8A /* Release */ = {
			isa = XCBuildConfiguration;
			buildSettings = {
				CODE_SIGN_STYLE = Automatic;
				PRODUCT_NAME = "$(TARGET_NAME)";
			};
			name = Release;
		};
		BBAB9652291293A400797233 /* Debug */ = {
			isa = XCBuildConfiguration;
			buildSettings = {
				CLANG_CXX_LANGUAGE_STANDARD = "gnu++20";
				CLANG_WARN_QUOTED_INCLUDE_IN_FRAMEWORK_HEADER = YES;
				CODE_SIGN_STYLE = Automatic;
				CURRENT_PROJECT_VERSION = 1;
				GENERATE_INFOPLIST_FILE = YES;
				MACOSX_DEPLOYMENT_TARGET = 12.3;
				MARKETING_VERSION = 1.0;
				PRODUCT_BUNDLE_IDENTIFIER = com.gaimanjing.Tests;
				PRODUCT_NAME = "$(TARGET_NAME)";
				SWIFT_EMIT_LOC_STRINGS = NO;
			};
			name = Debug;
		};
		BBAB9653291293A400797233 /* Release */ = {
			isa = XCBuildConfiguration;
			buildSettings = {
				CLANG_CXX_LANGUAGE_STANDARD = "gnu++20";
				CLANG_WARN_QUOTED_INCLUDE_IN_FRAMEWORK_HEADER = YES;
				CODE_SIGN_STYLE = Automatic;
				CURRENT_PROJECT_VERSION = 1;
				GENERATE_INFOPLIST_FILE = YES;
				MACOSX_DEPLOYMENT_TARGET = 12.3;
				MARKETING_VERSION = 1.0;
				PRODUCT_BUNDLE_IDENTIFIER = com.gaimanjing.Tests;
				PRODUCT_NAME = "$(TARGET_NAME)";
				SWIFT_EMIT_LOC_STRINGS = NO;
			};
			name = Release;
		};
/* End XCBuildConfiguration section */

/* Begin XCConfigurationList section */
		BB40FBC92422545F00CFFF8A /* Build configuration list for PBXProject "leetcode" */ = {
			isa = XCConfigurationList;
			buildConfigurations = (
				BB40FBD32422545F00CFFF8A /* Debug */,
				BB40FBD42422545F00CFFF8A /* Release */,
			);
			defaultConfigurationIsVisible = 0;
			defaultConfigurationName = Release;
		};
		BB40FBD52422545F00CFFF8A /* Build configuration list for PBXNativeTarget "leetcode" */ = {
			isa = XCConfigurationList;
			buildConfigurations = (
				BB40FBD62422545F00CFFF8A /* Debug */,
				BB40FBD72422545F00CFFF8A /* Release */,
			);
			defaultConfigurationIsVisible = 0;
			defaultConfigurationName = Release;
		};
		BBAB9654291293A400797233 /* Build configuration list for PBXNativeTarget "Tests" */ = {
			isa = XCConfigurationList;
			buildConfigurations = (
				BBAB9652291293A400797233 /* Debug */,
				BBAB9653291293A400797233 /* Release */,
			);
			defaultConfigurationIsVisible = 0;
			defaultConfigurationName = Release;
		};
/* End XCConfigurationList section */
	};
	rootObject = BB40FBC62422545F00CFFF8A /* Project object */;
}
